#
# This file is autogenerated by pip-compile with Python 3.13
# by the following command:
#
#    pip-compile --generate-hashes --no-index --output-file=requirements.lock requirements.txt
#
aiofiles==25.1.0 \
    --hash=sha256:abe311e527c862958650f9438e859c1fa7568a141b22abcd015e120e86a85695
    # via aiogram
aiogram==3.31.0 \
    --hash=sha256:d889493c5917a867fc9da81fd6e6b3ae438e98bfe1b004fcdafe7400461a6c1b
    # via
    #   -r requirements.txt
    #   aiogram3-calendar
aiogram3-calendar==0.1.2 \
    --hash=sha256:e9b5b814dbd94156beb2f59278d1db9f6339ed2ae58f333064935bc385b295c0
    # via -r requirements.txt
aiohappyeyeballs==2.7.1 \
    --hash=sha256:9243213661e29250eb41368e5daa826fc017156c3b8a11440826b2e3ed376472
    # via aiohttp
aiohttp==3.14.3 \
    --hash=sha256:55bdcc472aafe2de4a253045cc128007a64f1e0264fb675791e132ea5edaa3bd \
    --hash=sha256:d7d2deec16eeedf55f2c7cf75b521ea3856a5177e123844f8fd0f114ce252cb5
    # via
    #   -r requirements.txt
    #   aiogram
aiosignal==1.4.0 \
    --hash=sha256:053243f8b92b990551949e63930a839ff0cf0b0ebbe0597b0f3fb19e1a0fe82e
    # via aiohttp
alembic==1.19.1 \
    --hash=sha256:b39018cb3d9413a19cbd54cf3c02ad33998641f0538eb77413a488a21c3e14be \
    --hash=sha256:e0fca0518118c78acc493e31bcb5402f190057aaf6df8b5b95ce94c4789cf648
    # via -r requirements.txt
annotated-types==0.8.0 \
    --hash=sha256:f072f4d804ea359e4eaf198b1af7a8b0943881a87f31bb764f8bf219bb9419e0
    # via pydantic
apscheduler==3.11.3 \
    --hash=sha256:bbeb2ec02d23d3c06a6c07ed7f0f3939ada6680eb121fae809a69bb42c537a30 \
    --hash=sha256:cd2fcc9330039a81a5893472ad49facf23a6d5604cbe1d918c835c6de7834d5a
    # via -r requirements.txt
asyncpg==0.31.0 \
    --hash=sha256:bef056aa502ee34204c161c72ca1f3c274917596877f825968368b2c33f585f4 \
    --hash=sha256:c0e0822b1038dc7253b337b0f3f676cadc4ac31b126c5d42691c39691962e403
    # via -r requirements.txt
attrs==26.1.0 \
    --hash=sha256:c647aa4a12dfbad9333ca4e71fe62ddc36f4e63b2d260a37a8b83d2f043ac309
    # via aiohttp
certifi==2026.7.22 \
    --hash=sha256:62f22742b58a1a33014a2b6b706588a8d7e2a88ae7bd1a6ebe8c992928483775
    # via aiogram
frozenlist==1.8.0 \
    --hash=sha256:0c18a16eab41e82c295618a77502e17b195883241c563b00f0aa5106fc4eaa0d \
    --hash=sha256:eaa352d7047a31d87dafcacbabe89df0aa506abb5b1b85a2fb91bc3faa02d822
    # via
    #   aiohttp
    #   aiosignal
greenlet==3.2.5 \
    --hash=sha256:752c896a8c976548faafe8a306d446c6a4c68d4fd24699b84d4393bd9ac69a8e \
    --hash=sha256:e66872daffa360b2537170b73ad530f14fa31785b1bc78080125d92edf0a6def
    # via
    #   -r requirements.txt
    #   sqlalchemy
idna==3.19 \
    --hash=sha256:815e7be7a7806d54abb586dc943addc79e8b2ee16915059658cbeff4b1b43bf4
    # via yarl
magic-filter==1.0.12 \
    --hash=sha256:e5929e544f310c2b1f154318db8c5cdf544dd658efa998172acd2e4ba0f6c6a6
    # via aiogram
mako==1.4.1 \
    --hash=sha256:a359d9a94a541213958742b2698d0a7757bb83551767bc468a74b9905aba9617
    # via alembic
markupsafe==3.0.3 \
    --hash=sha256:133a43e73a802c5562be9bbcd03d090aa5a1fe899db609c29e8c8d815c5f6de6 \
    --hash=sha256:ccfcd093f13f0f0b7fdd0f198b90053bf7b2f02a3927a30e63f3ccc9df56b676
    # via mako
multidict==6.7.1 \
    --hash=sha256:9d624335fd4fa1c08a53f8b4be7676ebde19cd092b3895c421045ca87895b429 \
    --hash=sha256:e82d14e3c948952a1a85503817e038cba5905a3352de76b9a465075d072fba23
    # via
    #   aiohttp
    #   yarl
pillow==12.2.0 \
    --hash=sha256:03f6fab9219220f041c74aeaa2939ff0062bd5c364ba9ce037197f4c6d498cd9 \
    --hash=sha256:f1c943e96e85df3d3478f7b691f229887e143f81fedab9b20205349ab04d73ed
    # via
    #   -r requirements.txt
    #   qrcode
propcache==0.5.2 \
    --hash=sha256:4db0ba63d693afd40d249bd93f842b5f144f8fcbb83de05660373bcf30517b1d \
    --hash=sha256:a6ae2198be502c10f09b2516e7b5d019816924bc3183a43ce792a7bd6625e6f4
    # via
    #   aiohttp
    #   yarl
pydantic==2.13.5 \
    --hash=sha256:346a034f080da3755d8e9cb5e00e8b07de1d39e4f6e2c87d8ab7cafa0b269a73
    # via
    #   aiogram
    #   pydantic-settings
pydantic-core==2.46.5 \
    --hash=sha256:193375f3548919d3f0b60936ca113ada3e38f264f91b9b8e0508efaad57be931 \
    --hash=sha256:6f7b393a8b3da82f5c1fc0751e6d01ac6c55b93c18226a60bdfba4a724efafd1
    # via pydantic
pydantic-settings==2.15.0 \
    --hash=sha256:0ba092c291c94baceb5eff768aa0d56400a457585bc0175925a5a5510303da42 \
    --hash=sha256:694b793e84f766ba76a90ebdefc01d0a9a045dab0382bee70393da93712ad117
    # via -r requirements.txt
python-dotenv==1.2.3 \
    --hash=sha256:904552145e8bfed22162c09dab1c2b9b54fefa7b23ba780f4f26ca0316b0f0d9
    # via pydantic-settings
qrcode[pil]==8.2 \
    --hash=sha256:16e64e0716c14960108e85d853062c9e8bba5ca8252c0b4d0231b9df4060ff4f
    # via -r requirements.txt
sqlalchemy==2.0.52 \
    --hash=sha256:11560064cc4696e772298b6221ede59e646386d9f2a85d549365473b972f7850 \
    --hash=sha256:1b2d9e507a458832adcfbd8af6e2036ddf069b7710b799448542ebccae2dceee \
    --hash=sha256:1b92a1e23ed40022081217b40d2d1feba4f77064e69ef4f39f68bcbbd148452a \
    --hash=sha256:2d5e53e36e37129fe0be8b9d08b6e4052c10a963ee6cda56c8c10dcc194b99ca \
    --hash=sha256:2e15b1d1116a64fc399b8c2694a83f3e792fdc58df28514a81e1dc4f8cf22729 \
    --hash=sha256:2eb3c6a64b1bfe6704777cfd504e7b8ad093a5f3e03ce67663a5e6742f294e43 \
    --hash=sha256:2f5fa2b2aca75d2c7f36db3a8dd04717b6fbfd1a964fb32bdeae16698e475ab3 \
    --hash=sha256:2f9eccf8793c8c3f8dd2dfd11b9e400cb27d1d19370ef732b66017e212107822 \
    --hash=sha256:309cc8ba50fc5d2174189dfcd49cdf7aa711f8346afcff19f2642ae4fc449c14 \
    --hash=sha256:37a4d548327b6cab9c7d8cdb4e0e82feabee0110c4d150059068e2d1cfbd99ee \
    --hash=sha256:3b81b8363a919ce53453591cdb93702e6bd54ade6c4fa2f468fc053baee5ed89 \
    --hash=sha256:3c95c3044edddb65e4a2f7194ec52ca5a9736f72d33ca3a6fa4196aedcc689fd \
    --hash=sha256:410d52be41d17f1a236d19520fbe776257dc16516ed06bd16d433311842aefd9 \
    --hash=sha256:4699dbb8d396d199e7e78fd4d525e3ad3d6008a9c8c0160b87e74c606c2c3736 \
    --hash=sha256:46f0c46f0d360d727b84660b26c62b295d82306ec2c82b701e97747d2c6dcbe1 \
    --hash=sha256:49565daf5af554f538e23aef1fc81a95a4e49658f152285e45c02f5fc44f04cd \
    --hash=sha256:4b89e93bb89eabdbea9d5d3fa2d6cc6544e733c33064339f91e5292480cf130e \
    --hash=sha256:50bff43b632a56fbf5ed9afdd76307e1512b62051bcd5afb341ae67205bbb6c8 \
    --hash=sha256:5e2d46356ac2ccb7d268ab6c2319ac6a2b42f1b8d5fd8bd3d46855cd82abee97 \
    --hash=sha256:5f8438a98d49424acf69d0d53c0a522951dfe49a6f2d86417fbb37ad3066ab43 \
    --hash=sha256:651d6d8782e80679e6151707c7b490834d46ada526328895abf567f25e63d29c \
    --hash=sha256:6c1b7ed45bf87b214e0a9def9c2313949067efe6269db5ef18d542ee13250af7 \
    --hash=sha256:765f439da5bc8696973bc0c8a31fae0912ac3ff1cb9d66246a6b2728ee4fbbc8 \
    --hash=sha256:77a247d3fd179f6583171e7e0e98f40dc6642ed4f655557515a5a7e25923e9a4 \
    --hash=sha256:7a0d48c4b80717c61385b4e966e087c839a66cfd7b780641dcb428f4dba65608 \
    --hash=sha256:812bae5138bfc0aa46fb0686da0fc7f581f68e2bbb05bc24c3713bebaedd1437 \
    --hash=sha256:8738008376d22f30f411ea3efecf39b51110b6996d80bb73786f30bcfdd5fd3b \
    --hash=sha256:8cf993f065bc04caa5000b339e8d9d6f3d9d00251511f850147c516c9e07115f \
    --hash=sha256:923bb183c1dc64fdf7b717965e3d59938ec4f8b8710b419a21ce403e5da9a9e1 \
    --hash=sha256:9255ceb65a80c1b001129060b63ee776a2e9c288be3b662be36dfbb888fffdcd \
    --hash=sha256:938325a5373267afc53bfbe72983b20fbd64ca47842aac62433c3da1137ecff1 \
    --hash=sha256:9876b09b9f1ce7398b0ffece585c0a911244c53191187341f6bcae640e133751 \
    --hash=sha256:a593db51b3bae75db17a5738ad5f992244b3a03863f83c28117ee482c6a3f76d \
    --hash=sha256:a7438774e1091192fc50a2bd8ceff5c596912d00ecd46587e88effdea7826101 \
    --hash=sha256:ab66fa9618269390d4dfa222f2f2f88f7bc4bf5da13905131b818217db7e8057 \
    --hash=sha256:ab9da41e61b9979b910499d633b241df20c51ee5037e5405b11c2faac3cbe1a2 \
    --hash=sha256:afda3ec521d0517d0de783fc70030775841900896d832de5bbd066549290470e \
    --hash=sha256:b08cddb8989775e3c88799d86704bdfc3ee6e9846118201aa5997f16f27e3a15 \
    --hash=sha256:be8c49131665dfe2cc74c498aa1240ffb548d0fd901325dd11c2c7a18956f727 \
    --hash=sha256:c1e61d08bdf4ee2f41024569e3400de7d6734ba498144766b11260936ccfa582 \
    --hash=sha256:c63bda077685c85ca513286547a531ba57e7a68cf0a7ed3bafcc2bbd18896f4d \
    --hash=sha256:cce4922535db73f9dbb91e3db2b3e851ac629467fd1ebd8e354a60e369521c63 \
    --hash=sha256:cd9206024b8602e7518bbaf44016c29e0045722f09328d8e654941023920d0b3 \
    --hash=sha256:cef328349452ae152637df4d11ce5a0919ecdf0a363e16c830c3518ee33bde72 \
    --hash=sha256:de89de5b5798cafdd7ef7b7b804acec246d6152922128fd9d156cd1701271aff \
    --hash=sha256:df8f213ceb485d8227b74935eb87ba0d80169a8401eba7835da6e30d6727dac4 \
    --hash=sha256:dfe9ce533dbe4d0a2ae1486546619bd30b76bcd670539a44d910361376175f5e \
    --hash=sha256:e0c3ce43907374889f3352bdcc6195c970148a2cb71574cd0237a5071a37fb6c \
    --hash=sha256:e49f51a5d59857a7a0dcaf9469febf7197d9394bd88f00d69c2c4e848112cdbf \
    --hash=sha256:f1c850792a3b25a3ad74dade3f05e4f402cdebfea27438bcadafaa1617f77bcc \
    --hash=sha256:f2b09029ef6f260409eefa5dc2b8276f6c3d7b892bfb50d50e8f852257d4a6b4 \
    --hash=sha256:f4d4f7afc682961dc567db70e00a7b5bd81ccd3743c46199b0257f0744902dde
    # via
    #   -r requirements.txt
    #   alembic
typing-extensions==4.16.0 \
    --hash=sha256:481caa481374e813c1b176ada14e97f1f67a4539ce9cfeb3f350d78d6370c2e8
    # via
    #   aiogram
    #   alembic
    #   pydantic
    #   pydantic-core
    #   sqlalchemy
    #   typing-inspection
typing-inspection==0.4.4 \
    --hash=sha256:65b8397ba37ccbce054456aaccddfc91e6e3083c92824df348d96ca832f3f147
    # via
    #   pydantic
    #   pydantic-settings
tzlocal==5.4.4 \
    --hash=sha256:aae09f0126a8a86fa736be266eb4a471380d26a0de3bc14844e7821fee3e2a15
    # via apscheduler
yarl==1.24.5 \
    --hash=sha256:d46b86567dd4e248c6c159fcbcdcce01e0a5c8a7cd2334a0fff759d0fa075b16 \
    --hash=sha256:ebb0ec7f17803063d5aeb982f3b1bd2b2f4e4fae6751226cbd6ba1fcfe9e63ff
    # via aiohttp
